
Microsoft Visual Studio Solution File, Format Version 12.00
# Visual Studio Version 16
VisualStudioVersion = 16.0.31005.135
MinimumVisualStudioVersion = 10.0.40219.1
Project("{FAE04EC0-301F-11D3-BF4B-00C04F79EFBC}") = "test-dev", "test-dev\test-dev.csproj", "{EEDFD4E2-FCB5-416A-B705-9549A943FD4C}"
EndProject
Global
	GlobalSection(SolutionConfigurationPlatforms) = preSolution
		Debug|Any CPU = Debug|Any CPU
		Release|Any CPU = Release|Any CPU
	EndGlobalSection
	GlobalSection(ProjectConfigurationPlatforms) = postSolution
		{EEDFD4E2-FCB5-416A-B705-9549A943FD4C}.Debug|Any CPU.ActiveCfg = Debug|Any CPU
		{EEDFD4E2-FCB5-416A-B705-9549A943FD4C}.Debug|Any CPU.Build.0 = Debug|Any CPU
		{EEDFD4E2-FCB5-416A-B705-9549A943FD4C}.Release|Any CPU.ActiveCfg = Release|Any CPU
		{EEDFD4E2-FCB5-416A-B705-9549A943FD4C}.Release|Any CPU.Build.0 = Release|Any CPU
	EndGlobalSection
	GlobalSection(SolutionProperties) = preSolution
		HideSolutionNode = FALSE
	EndGlobalSection
	GlobalSection(ExtensibilityGlobals) = postSolution
		SolutionGuid = {B97A0BD1-2E8F-4804-94B5-9F93E09714A7}
	EndGlobalSection
EndGlobal
